
Microsoft Visual Studio Solution File, Format Version 12.00
# Visual Studio Version 17
VisualStudioVersion = 17.0.31903.59
MinimumVisualStudioVersion = 10.0.40219.1
Project("{9A19103F-16F7-4668-BE54-9A1E7A4F7556}") = "Invoice-Generator", "Invoice-Generator\Invoice-Generator.csproj", "{FFC33F1A-9F26-4E5E-BAB2-E5E2A016879E}"
EndProject
Project("{9A19103F-16F7-4668-BE54-9A1E7A4F7556}") = "Infrastructure", "Infrastructure\Infrastructure.csproj", "{04E91521-4709-42A4-9B42-6CECCCCD74B4}"
EndProject
Project("{9A19103F-16F7-4668-BE54-9A1E7A4F7556}") = "Domain", "Domain\Domain.csproj", "{D78DADE1-47B2-4400-BE93-EF6FDC3C2008}"
EndProject
Project("{9A19103F-16F7-4668-BE54-9A1E7A4F7556}") = "Application", "Application\Application.csproj", "{DBF68B10-EE69-4A87-B102-6A7A00B154A8}"
EndProject
Global
	GlobalSection(SolutionConfigurationPlatforms) = preSolution
		Debug|Any CPU = Debug|Any CPU
		Release|Any CPU = Release|Any CPU
	EndGlobalSection
	GlobalSection(ProjectConfigurationPlatforms) = postSolution
		{FFC33F1A-9F26-4E5E-BAB2-E5E2A016879E}.Debug|Any CPU.ActiveCfg = Debug|Any CPU
		{FFC33F1A-9F26-4E5E-BAB2-E5E2A016879E}.Debug|Any CPU.Build.0 = Debug|Any CPU
		{FFC33F1A-9F26-4E5E-BAB2-E5E2A016879E}.Release|Any CPU.ActiveCfg = Release|Any CPU
		{FFC33F1A-9F26-4E5E-BAB2-E5E2A016879E}.Release|Any CPU.Build.0 = Release|Any CPU
		{04E91521-4709-42A4-9B42-6CECCCCD74B4}.Debug|Any CPU.ActiveCfg = Debug|Any CPU
		{04E91521-4709-42A4-9B42-6CECCCCD74B4}.Debug|Any CPU.Build.0 = Debug|Any CPU
		{04E91521-4709-42A4-9B42-6CECCCCD74B4}.Release|Any CPU.ActiveCfg = Release|Any CPU
		{04E91521-4709-42A4-9B42-6CECCCCD74B4}.Release|Any CPU.Build.0 = Release|Any CPU
		{D78DADE1-47B2-4400-BE93-EF6FDC3C2008}.Debug|Any CPU.ActiveCfg = Debug|Any CPU
		{D78DADE1-47B2-4400-BE93-EF6FDC3C2008}.Debug|Any CPU.Build.0 = Debug|Any CPU
		{D78DADE1-47B2-4400-BE93-EF6FDC3C2008}.Release|Any CPU.ActiveCfg = Release|Any CPU
		{D78DADE1-47B2-4400-BE93-EF6FDC3C2008}.Release|Any CPU.Build.0 = Release|Any CPU
		{DBF68B10-EE69-4A87-B102-6A7A00B154A8}.Debug|Any CPU.ActiveCfg = Debug|Any CPU
		{DBF68B10-EE69-4A87-B102-6A7A00B154A8}.Debug|Any CPU.Build.0 = Debug|Any CPU
		{DBF68B10-EE69-4A87-B102-6A7A00B154A8}.Release|Any CPU.ActiveCfg = Release|Any CPU
		{DBF68B10-EE69-4A87-B102-6A7A00B154A8}.Release|Any CPU.Build.0 = Release|Any CPU
	EndGlobalSection
	GlobalSection(SolutionProperties) = preSolution
		HideSolutionNode = FALSE
	EndGlobalSection
	GlobalSection(ExtensibilityGlobals) = postSolution
		SolutionGuid = {DD48347B-73E5-4A3C-A040-6643D743C6A1}
	EndGlobalSection
EndGlobal
